
Microsoft Visual Studio Solution File, Format Version 12.00
# Visual Studio Version 16
VisualStudioVersion = 16.0.30804.86
MinimumVisualStudioVersion = 10.0.40219.1
Project("{FAE04EC0-301F-11D3-BF4B-00C04F79EFBC}") = "HappyNews", "HappyNews\HappyNews.csproj", "{68F7494B-3435-411C-AB95-904B0A43AA9A}"
EndProject
Project("{FAE04EC0-301F-11D3-BF4B-00C04F79EFBC}") = "News", "News\News.csproj", "{4494B671-88A1-4036-91E5-3674BECFFD4C}"
EndProject
Project("{FAE04EC0-301F-11D3-BF4B-00C04F79EFBC}") = "Sentiment", "Sentiment\Sentiment.csproj", "{59003BCA-A8BA-446E-9CE9-190394507503}"
EndProject
Project("{FAE04EC0-301F-11D3-BF4B-00C04F79EFBC}") = "ServerlessNewsPipeline", "NewsFetcher\ServerlessNewsPipeline.csproj", "{81C35EA1-ABC2-430B-A7AA-549071A19EC9}"
EndProject
Project("{FAE04EC0-301F-11D3-BF4B-00C04F79EFBC}") = "Database", "Database\Database.csproj", "{C7C84395-4D0D-42E1-A8B3-5F4933DF0D4A}"
EndProject
Project("{FAE04EC0-301F-11D3-BF4B-00C04F79EFBC}") = "GoogleNews", "GoogleNews\GoogleNews.csproj", "{5DA06668-6238-4332-9B02-312894CA5FEF}"
EndProject
Global
	GlobalSection(SolutionConfigurationPlatforms) = preSolution
		Debug|Any CPU = Debug|Any CPU
		Release|Any CPU = Release|Any CPU
	EndGlobalSection
	GlobalSection(ProjectConfigurationPlatforms) = postSolution
		{68F7494B-3435-411C-AB95-904B0A43AA9A}.Debug|Any CPU.ActiveCfg = Debug|Any CPU
		{68F7494B-3435-411C-AB95-904B0A43AA9A}.Debug|Any CPU.Build.0 = Debug|Any CPU
		{68F7494B-3435-411C-AB95-904B0A43AA9A}.Release|Any CPU.ActiveCfg = Release|Any CPU
		{68F7494B-3435-411C-AB95-904B0A43AA9A}.Release|Any CPU.Build.0 = Release|Any CPU
		{4494B671-88A1-4036-91E5-3674BECFFD4C}.Debug|Any CPU.ActiveCfg = Debug|Any CPU
		{4494B671-88A1-4036-91E5-3674BECFFD4C}.Debug|Any CPU.Build.0 = Debug|Any CPU
		{4494B671-88A1-4036-91E5-3674BECFFD4C}.Release|Any CPU.ActiveCfg = Release|Any CPU
		{4494B671-88A1-4036-91E5-3674BECFFD4C}.Release|Any CPU.Build.0 = Release|Any CPU
		{59003BCA-A8BA-446E-9CE9-190394507503}.Debug|Any CPU.ActiveCfg = Debug|Any CPU
		{59003BCA-A8BA-446E-9CE9-190394507503}.Debug|Any CPU.Build.0 = Debug|Any CPU
		{59003BCA-A8BA-446E-9CE9-190394507503}.Release|Any CPU.ActiveCfg = Release|Any CPU
		{59003BCA-A8BA-446E-9CE9-190394507503}.Release|Any CPU.Build.0 = Release|Any CPU
		{81C35EA1-ABC2-430B-A7AA-549071A19EC9}.Debug|Any CPU.ActiveCfg = Debug|Any CPU
		{81C35EA1-ABC2-430B-A7AA-549071A19EC9}.Debug|Any CPU.Build.0 = Debug|Any CPU
		{81C35EA1-ABC2-430B-A7AA-549071A19EC9}.Release|Any CPU.ActiveCfg = Release|Any CPU
		{81C35EA1-ABC2-430B-A7AA-549071A19EC9}.Release|Any CPU.Build.0 = Release|Any CPU
		{C7C84395-4D0D-42E1-A8B3-5F4933DF0D4A}.Debug|Any CPU.ActiveCfg = Debug|Any CPU
		{C7C84395-4D0D-42E1-A8B3-5F4933DF0D4A}.Debug|Any CPU.Build.0 = Debug|Any CPU
		{C7C84395-4D0D-42E1-A8B3-5F4933DF0D4A}.Release|Any CPU.ActiveCfg = Release|Any CPU
		{C7C84395-4D0D-42E1-A8B3-5F4933DF0D4A}.Release|Any CPU.Build.0 = Release|Any CPU
		{5DA06668-6238-4332-9B02-312894CA5FEF}.Debug|Any CPU.ActiveCfg = Debug|Any CPU
		{5DA06668-6238-4332-9B02-312894CA5FEF}.Debug|Any CPU.Build.0 = Debug|Any CPU
		{5DA06668-6238-4332-9B02-312894CA5FEF}.Release|Any CPU.ActiveCfg = Release|Any CPU
		{5DA06668-6238-4332-9B02-312894CA5FEF}.Release|Any CPU.Build.0 = Release|Any CPU
	EndGlobalSection
	GlobalSection(SolutionProperties) = preSolution
		HideSolutionNode = FALSE
	EndGlobalSection
	GlobalSection(ExtensibilityGlobals) = postSolution
		SolutionGuid = {BD63F29D-2C2D-4401-99E9-4B8E45547095}
	EndGlobalSection
EndGlobal
