
Microsoft Visual Studio Solution File, Format Version 12.00
# Visual Studio Version 16
VisualStudioVersion = 16.0.30804.86
MinimumVisualStudioVersion = 10.0.40219.1
Project("{FAE04EC0-301F-11D3-BF4B-00C04F79EFBC}") = "HappyNews", "HappyNews\HappyNews.csproj", "{68F7494B-3435-411C-AB95-904B0A43AA9A}"
EndProject
Global
	GlobalSection(SolutionConfigurationPlatforms) = preSolution
		Debug|Any CPU = Debug|Any CPU
		Release|Any CPU = Release|Any CPU
	EndGlobalSection
	GlobalSection(ProjectConfigurationPlatforms) = postSolution
		{68F7494B-3435-411C-AB95-904B0A43AA9A}.Debug|Any CPU.ActiveCfg = Debug|Any CPU
		{68F7494B-3435-411C-AB95-904B0A43AA9A}.Debug|Any CPU.Build.0 = Debug|Any CPU
		{68F7494B-3435-411C-AB95-904B0A43AA9A}.Release|Any CPU.ActiveCfg = Release|Any CPU
		{68F7494B-3435-411C-AB95-904B0A43AA9A}.Release|Any CPU.Build.0 = Release|Any CPU
	EndGlobalSection
	GlobalSection(SolutionProperties) = preSolution
		HideSolutionNode = FALSE
	EndGlobalSection
	GlobalSection(ExtensibilityGlobals) = postSolution
		SolutionGuid = {BD63F29D-2C2D-4401-99E9-4B8E45547095}
	EndGlobalSection
EndGlobal
